
Microsoft Visual Studio Solution File, Format Version 12.00
# Visual Studio Version 16
VisualStudioVersion = 16.0.29009.5
MinimumVisualStudioVersion = 10.0.40219.1
Project("{FAE04EC0-301F-11D3-BF4B-00C04F79EFBC}") = "CadCar", "CadCar.csproj", "{8250C7D1-8994-40B8-B73D-EBD11F79652B}"
EndProject
Global
	GlobalSection(SolutionConfigurationPlatforms) = preSolution
		Debug|Any CPU = Debug|Any CPU
		Release|Any CPU = Release|Any CPU
	EndGlobalSection
	GlobalSection(ProjectConfigurationPlatforms) = postSolution
		{8250C7D1-8994-40B8-B73D-EBD11F79652B}.Debug|Any CPU.ActiveCfg = Debug|Any CPU
		{8250C7D1-8994-40B8-B73D-EBD11F79652B}.Debug|Any CPU.Build.0 = Debug|Any CPU
		{8250C7D1-8994-40B8-B73D-EBD11F79652B}.Release|Any CPU.ActiveCfg = Release|Any CPU
		{8250C7D1-8994-40B8-B73D-EBD11F79652B}.Release|Any CPU.Build.0 = Release|Any CPU
	EndGlobalSection
	GlobalSection(SolutionProperties) = preSolution
		HideSolutionNode = FALSE
	EndGlobalSection
	GlobalSection(ExtensibilityGlobals) = postSolution
		SolutionGuid = {C92F5C4A-33C4-431B-8E6C-9DA0442E1364}
	EndGlobalSection
EndGlobal
